
Microsoft Visual Studio Solution File, Format Version 11.00
# Visual C# Express 2010
Project("{FAE04EC0-301F-11D3-BF4B-00C04F79EFBC}") = "OraWin", "OraWin\OraWin.csproj", "{F2B4A56B-35D7-40E4-B6EE-4FCF629EAC36}"
EndProject
Project("{FAE04EC0-301F-11D3-BF4B-00C04F79EFBC}") = "OraZip", "OraZip\OraZip.csproj", "{3B09A027-0996-43B4-A7DB-1CE6493AB5AB}"
EndProject
Global
	GlobalSection(SolutionConfigurationPlatforms) = preSolution
		Debug|x86 = Debug|x86
		Release|x86 = Release|x86
	EndGlobalSection
	GlobalSection(ProjectConfigurationPlatforms) = postSolution
		{F2B4A56B-35D7-40E4-B6EE-4FCF629EAC36}.Debug|x86.ActiveCfg = Debug|x86
		{F2B4A56B-35D7-40E4-B6EE-4FCF629EAC36}.Debug|x86.Build.0 = Debug|x86
		{F2B4A56B-35D7-40E4-B6EE-4FCF629EAC36}.Release|x86.ActiveCfg = Release|x86
		{F2B4A56B-35D7-40E4-B6EE-4FCF629EAC36}.Release|x86.Build.0 = Release|x86
		{3B09A027-0996-43B4-A7DB-1CE6493AB5AB}.Debug|x86.ActiveCfg = Debug|x86
		{3B09A027-0996-43B4-A7DB-1CE6493AB5AB}.Debug|x86.Build.0 = Debug|x86
		{3B09A027-0996-43B4-A7DB-1CE6493AB5AB}.Release|x86.ActiveCfg = Release|x86
		{3B09A027-0996-43B4-A7DB-1CE6493AB5AB}.Release|x86.Build.0 = Release|x86
	EndGlobalSection
	GlobalSection(SolutionProperties) = preSolution
		HideSolutionNode = FALSE
	EndGlobalSection
EndGlobal
